
Microsoft Visual Studio Solution File, Format Version 12.00
# Visual Studio 14
VisualStudioVersion = 14.0.25123.0
MinimumVisualStudioVersion = 10.0.40219.1
Project("{FAE04EC0-301F-11D3-BF4B-00C04F79EFBC}") = "FastTiming", "FastTiming\FastTiming.csproj", "{08EC03B7-4901-4340-9421-F78BF5452D7B}"
EndProject
Project("{FAE04EC0-301F-11D3-BF4B-00C04F79EFBC}") = "FastTimingTest", "FastTimerDemo\FastTimingTest.csproj", "{5DB656B2-ED68-489E-9B1B-91F939A99DEE}"
EndProject
Project("{FAE04EC0-301F-11D3-BF4B-00C04F79EFBC}") = "FastTimingDemo", "FastTimingDemo\FastTimingDemo.csproj", "{BCAC0B98-8E99-410F-A0EE-DAD701EDBA76}"
EndProject
Global
	GlobalSection(SolutionConfigurationPlatforms) = preSolution
		Debug|Any CPU = Debug|Any CPU
		Release|Any CPU = Release|Any CPU
	EndGlobalSection
	GlobalSection(ProjectConfigurationPlatforms) = postSolution
		{08EC03B7-4901-4340-9421-F78BF5452D7B}.Debug|Any CPU.ActiveCfg = Debug|Any CPU
		{08EC03B7-4901-4340-9421-F78BF5452D7B}.Debug|Any CPU.Build.0 = Debug|Any CPU
		{08EC03B7-4901-4340-9421-F78BF5452D7B}.Release|Any CPU.ActiveCfg = Release|Any CPU
		{08EC03B7-4901-4340-9421-F78BF5452D7B}.Release|Any CPU.Build.0 = Release|Any CPU
		{5DB656B2-ED68-489E-9B1B-91F939A99DEE}.Debug|Any CPU.ActiveCfg = Debug|Any CPU
		{5DB656B2-ED68-489E-9B1B-91F939A99DEE}.Debug|Any CPU.Build.0 = Debug|Any CPU
		{5DB656B2-ED68-489E-9B1B-91F939A99DEE}.Release|Any CPU.ActiveCfg = Release|Any CPU
		{5DB656B2-ED68-489E-9B1B-91F939A99DEE}.Release|Any CPU.Build.0 = Release|Any CPU
		{BCAC0B98-8E99-410F-A0EE-DAD701EDBA76}.Debug|Any CPU.ActiveCfg = Debug|Any CPU
		{BCAC0B98-8E99-410F-A0EE-DAD701EDBA76}.Debug|Any CPU.Build.0 = Debug|Any CPU
		{BCAC0B98-8E99-410F-A0EE-DAD701EDBA76}.Release|Any CPU.ActiveCfg = Release|Any CPU
		{BCAC0B98-8E99-410F-A0EE-DAD701EDBA76}.Release|Any CPU.Build.0 = Release|Any CPU
	EndGlobalSection
	GlobalSection(SolutionProperties) = preSolution
		HideSolutionNode = FALSE
	EndGlobalSection
EndGlobal
